# This file is autogenerated, do not edit; changes may be undone by the next 'dep ensure'.


[[projects]]
  branch = "master"
  name = "github.com/influxdata/influxdb"
  packages = ["client/v2","models","pkg/escape"]
  revision = "9f74c0fff9d9f3a4bc8fb9768909d2d5fcbbbb23"

[solve-meta]
  analyzer-name = "dep"
  analyzer-version = 1
  inputs-digest = "efe4a26b5775ea537c0383b685d50fa64ee8fa6eec77406c5326d5f54744423f"
  solver-name = "gps-cdcl"
  solver-version = 1
